{
  "version": 4,
  "terraform_version": "1.0.9",
  "serial": 6,
  "lineage": "3e0cd573-4958-0d41-73dc-d2a9bd36e3d3",
  "outputs": {
    "droplet_ips": {
      "value": [
        "64.227.76.230",
        "206.189.108.225"
      ],
      "type": [
        "tuple",
        [
          "string",
          "string"
        ]
      ]
    }
  },
  "resources": [
    {
      "mode": "data",
      "type": "digitalocean_ssh_key",
      "name": "macbook",
      "provider": "provider[\"registry.terraform.io/digitalocean/digitalocean\"]",
      "instances": [
        {
          "schema_version": 0,
          "attributes": {
            "fingerprint": "00:08:49:6f:fa:9c:9c:a6:2e:bd:26:33:2f:68:15:27",
            "id": 30960280,
            "name": "macbook",
            "public_key": "ssh-rsa AAAAB3NzaC1yc2EAAAADAQABAAABgQCnwI4lleMo0YgPVM2dBFd1E8bml+YOTzfPyprkEW9HyBnw7v2hOXubifzH0n56JGxMBBz/x9xXY5rVgCS0n5o6InDRcaqutIuvyaNRCC7JrzIXtSIeql8sLUVOrT9AkFCLuO7tEDmRp/ABHuk3du7jjY6LEZpHKaqe8xlJlQeOUJosVYXZSpcrG9+o7xVCvoOBGRkGIIO/SAXWzGYJetCU7sARW4AwLE+j0ti+7IRfvDgb7eXoVp62F5cKk24PfhzXs7NwtI7h55CUL4s1/MIMO6ZfZ34JStVolBTBsDcR7K1J4GBcXqFr+6GqVxYqViFLLtm6lIJae67vi6urRemn7YD7oGYXPcKzLmHk5s8iHRAmqSAKLJescSm8/z4ohmf2TYf4ykBaNTUjeci01efygwp2PiRnHW6yzmu6+JA2ldsomGqiISpcvlJVvQVOr+WkEGWTxd15ZcWmr0tNrU11X6E6Wk/BHan3Zkym6xe/hNufSs5wGXl1egf+rb7kZwE= ihorkpl@Ihors-MacBook-Pro.local"
          },
          "sensitive_attributes": []
        }
      ]
    },
    {
      "mode": "managed",
      "type": "digitalocean_droplet",
      "name": "web1",
      "provider": "provider[\"registry.terraform.io/digitalocean/digitalocean\"]",
      "instances": [
        {
          "schema_version": 1,
          "attributes": {
            "backups": false,
            "created_at": "2021-10-28T08:13:07Z",
            "disk": 25,
            "droplet_agent": null,
            "graceful_shutdown": false,
            "id": "271210978",
            "image": "docker-20-04",
            "ipv4_address": "64.227.76.230",
            "ipv4_address_private": "10.110.0.3",
            "ipv6": false,
            "ipv6_address": "",
            "locked": false,
            "memory": 1024,
            "monitoring": false,
            "name": "web-terraform-homework-01",
            "price_hourly": 0.00744,
            "price_monthly": 5,
            "private_networking": true,
            "region": "ams3",
            "resize_disk": true,
            "size": "s-1vcpu-1gb",
            "ssh_keys": [
              "30960280"
            ],
            "status": "active",
            "tags": [],
            "urn": "do:droplet:271210978",
            "user_data": null,
            "vcpus": 1,
            "volume_ids": [],
            "vpc_uuid": "15795742-8bea-4bae-aec6-456fb625a439"
          },
          "sensitive_attributes": [],
          "private": "eyJzY2hlbWFfdmVyc2lvbiI6IjEifQ==",
          "dependencies": [
            "data.digitalocean_ssh_key.macbook"
          ]
        }
      ]
    },
    {
      "mode": "managed",
      "type": "digitalocean_droplet",
      "name": "web2",
      "provider": "provider[\"registry.terraform.io/digitalocean/digitalocean\"]",
      "instances": [
        {
          "schema_version": 1,
          "attributes": {
            "backups": false,
            "created_at": "2021-10-28T08:13:06Z",
            "disk": 25,
            "droplet_agent": null,
            "graceful_shutdown": false,
            "id": "271210973",
            "image": "docker-20-04",
            "ipv4_address": "206.189.108.225",
            "ipv4_address_private": "10.110.0.2",
            "ipv6": false,
            "ipv6_address": "",
            "locked": false,
            "memory": 1024,
            "monitoring": false,
            "name": "web-terraform-homework-02",
            "price_hourly": 0.00744,
            "price_monthly": 5,
            "private_networking": true,
            "region": "ams3",
            "resize_disk": true,
            "size": "s-1vcpu-1gb",
            "ssh_keys": [
              "30960280"
            ],
            "status": "active",
            "tags": [],
            "urn": "do:droplet:271210973",
            "user_data": null,
            "vcpus": 1,
            "volume_ids": [],
            "vpc_uuid": "15795742-8bea-4bae-aec6-456fb625a439"
          },
          "sensitive_attributes": [],
          "private": "eyJzY2hlbWFfdmVyc2lvbiI6IjEifQ==",
          "dependencies": [
            "data.digitalocean_ssh_key.macbook"
          ]
        }
      ]
    },
    {
      "mode": "managed",
      "type": "digitalocean_loadbalancer",
      "name": "public",
      "provider": "provider[\"registry.terraform.io/digitalocean/digitalocean\"]",
      "instances": [
        {
          "schema_version": 1,
          "attributes": {
            "algorithm": "round_robin",
            "droplet_ids": [
              271210973,
              271210978
            ],
            "droplet_tag": "",
            "enable_backend_keepalive": false,
            "enable_proxy_protocol": false,
            "forwarding_rule": [
              {
                "certificate_id": "",
                "certificate_name": "",
                "entry_port": 80,
                "entry_protocol": "http",
                "target_port": 80,
                "target_protocol": "http",
                "tls_passthrough": false
              }
            ],
            "healthcheck": [
              {
                "check_interval_seconds": 10,
                "healthy_threshold": 5,
                "path": "",
                "port": 22,
                "protocol": "tcp",
                "response_timeout_seconds": 5,
                "unhealthy_threshold": 3
              }
            ],
            "id": "c23e94e6-b8fb-4bb1-8aa4-a819127129f4",
            "ip": "178.128.140.73",
            "name": "loadbalancer-1",
            "redirect_http_to_https": false,
            "region": "ams3",
            "size": "lb-small",
            "status": "active",
            "sticky_sessions": [
              {
                "cookie_name": "",
                "cookie_ttl_seconds": 0,
                "type": "none"
              }
            ],
            "urn": "do:loadbalancer:c23e94e6-b8fb-4bb1-8aa4-a819127129f4",
            "vpc_uuid": "15795742-8bea-4bae-aec6-456fb625a439"
          },
          "sensitive_attributes": [],
          "private": "eyJzY2hlbWFfdmVyc2lvbiI6IjEifQ==",
          "dependencies": [
            "digitalocean_droplet.web1",
            "digitalocean_droplet.web2"
          ]
        }
      ]
    }
  ]
}
